
Microsoft Visual Studio Solution File, Format Version 12.00
# Visual Studio 2012
Project("{FAE04EC0-301F-11D3-BF4B-00C04F79EFBC}") = "Jeopardy.Model", "Jeopardy.Model\Jeopardy.Model.csproj", "{6F90A24D-76A0-4E75-8BFF-6B69750FC62C}"
EndProject
Project("{FAE04EC0-301F-11D3-BF4B-00C04F79EFBC}") = "Jeopardy.ViewModel", "Jeopardy.ViewModel\Jeopardy.ViewModel.csproj", "{4D9F7449-66D2-49E1-8E92-CFBCDE81003E}"
EndProject
Project("{FAE04EC0-301F-11D3-BF4B-00C04F79EFBC}") = "Jeopardy.View", "Jeopardy.View\Jeopardy.View.csproj", "{399683EC-1082-4861-BA0D-F3C5613FCA3D}"
EndProject
Global
	GlobalSection(SolutionConfigurationPlatforms) = preSolution
		Debug|Any CPU = Debug|Any CPU
		Release|Any CPU = Release|Any CPU
	EndGlobalSection
	GlobalSection(ProjectConfigurationPlatforms) = postSolution
		{6F90A24D-76A0-4E75-8BFF-6B69750FC62C}.Debug|Any CPU.ActiveCfg = Debug|Any CPU
		{6F90A24D-76A0-4E75-8BFF-6B69750FC62C}.Debug|Any CPU.Build.0 = Debug|Any CPU
		{6F90A24D-76A0-4E75-8BFF-6B69750FC62C}.Release|Any CPU.ActiveCfg = Release|Any CPU
		{6F90A24D-76A0-4E75-8BFF-6B69750FC62C}.Release|Any CPU.Build.0 = Release|Any CPU
		{4D9F7449-66D2-49E1-8E92-CFBCDE81003E}.Debug|Any CPU.ActiveCfg = Debug|Any CPU
		{4D9F7449-66D2-49E1-8E92-CFBCDE81003E}.Debug|Any CPU.Build.0 = Debug|Any CPU
		{4D9F7449-66D2-49E1-8E92-CFBCDE81003E}.Release|Any CPU.ActiveCfg = Release|Any CPU
		{4D9F7449-66D2-49E1-8E92-CFBCDE81003E}.Release|Any CPU.Build.0 = Release|Any CPU
		{399683EC-1082-4861-BA0D-F3C5613FCA3D}.Debug|Any CPU.ActiveCfg = Debug|Any CPU
		{399683EC-1082-4861-BA0D-F3C5613FCA3D}.Debug|Any CPU.Build.0 = Debug|Any CPU
		{399683EC-1082-4861-BA0D-F3C5613FCA3D}.Release|Any CPU.ActiveCfg = Release|Any CPU
		{399683EC-1082-4861-BA0D-F3C5613FCA3D}.Release|Any CPU.Build.0 = Release|Any CPU
	EndGlobalSection
	GlobalSection(SolutionProperties) = preSolution
		HideSolutionNode = FALSE
	EndGlobalSection
EndGlobal
